
Microsoft Visual Studio Solution File, Format Version 12.00
# Visual Studio Version 17
VisualStudioVersion = 17.4.33110.190
MinimumVisualStudioVersion = 10.0.40219.1
Project("{FAE04EC0-301F-11D3-BF4B-00C04F79EFBC}") = "arrays", "arrays.csproj", "{C14F10F1-4D7A-49DC-8A20-C36ADCE51CDF}"
EndProject
Global
	GlobalSection(SolutionConfigurationPlatforms) = preSolution
		Debug|Any CPU = Debug|Any CPU
		Release|Any CPU = Release|Any CPU
	EndGlobalSection
	GlobalSection(ProjectConfigurationPlatforms) = postSolution
		{C14F10F1-4D7A-49DC-8A20-C36ADCE51CDF}.Debug|Any CPU.ActiveCfg = Debug|Any CPU
		{C14F10F1-4D7A-49DC-8A20-C36ADCE51CDF}.Debug|Any CPU.Build.0 = Debug|Any CPU
		{C14F10F1-4D7A-49DC-8A20-C36ADCE51CDF}.Release|Any CPU.ActiveCfg = Release|Any CPU
		{C14F10F1-4D7A-49DC-8A20-C36ADCE51CDF}.Release|Any CPU.Build.0 = Release|Any CPU
	EndGlobalSection
	GlobalSection(SolutionProperties) = preSolution
		HideSolutionNode = FALSE
	EndGlobalSection
	GlobalSection(ExtensibilityGlobals) = postSolution
		SolutionGuid = {D297E00A-99FF-401A-87C5-78E85180531C}
	EndGlobalSection
EndGlobal
